schema: '2.0'
stages:
  train:
    cmd: python src/train_model.py
    deps:
    - path: data/movielens/ratings.csv
      hash: md5
      md5: b0e866381b9fa56c9e3f87afa46a618f
      size: 678260987
    - path: src/train_model.py
      hash: md5
      md5: eba0d11d6b6044f89607db10816d0d9e
      size: 5652
    params:
      params.yaml:
        eval:
          k: 10
          relevance_threshold: 4.0
        train:
          n_factors: 100
          n_epochs: 25
          lr_all: 0.005
          reg_all: 0.02
          test_size: 0.2
          random_state: 42
    outs:
    - path: metrics.json
      hash: md5
      md5: fd469a240e3417e3b690b58ab0122e47
      size: 180
    - path: models/svd_model.pkl
      hash: md5
      md5: 4a000fc4e9b1868efc4a80790b9495c2
      size: 748854178
